
Microsoft Visual Studio Solution File, Format Version 12.00
# Visual Studio 14
VisualStudioVersion = 14.0.25420.1
MinimumVisualStudioVersion = 10.0.40219.1
Project("{8BC9CEB8-8B4A-11D0-8D11-00A0C91BC942}") = "matlab_server", "matlab_server.vcxproj", "{C1BB5A82-1D0F-41CF-A5F4-12A5CE81BDAA}"
EndProject
Global
	GlobalSection(SolutionConfigurationPlatforms) = preSolution
		Debug|ARM = Debug|ARM
		Debug|x64 = Debug|x64
		Debug|x86 = Debug|x86
		Release|ARM = Release|ARM
		Release|x64 = Release|x64
		Release|x86 = Release|x86
	EndGlobalSection
	GlobalSection(ProjectConfigurationPlatforms) = postSolution
		{C1BB5A82-1D0F-41CF-A5F4-12A5CE81BDAA}.Debug|ARM.ActiveCfg = Debug|ARM
		{C1BB5A82-1D0F-41CF-A5F4-12A5CE81BDAA}.Debug|ARM.Build.0 = Debug|ARM
		{C1BB5A82-1D0F-41CF-A5F4-12A5CE81BDAA}.Debug|x64.ActiveCfg = Debug|x64
		{C1BB5A82-1D0F-41CF-A5F4-12A5CE81BDAA}.Debug|x64.Build.0 = Debug|x64
		{C1BB5A82-1D0F-41CF-A5F4-12A5CE81BDAA}.Debug|x86.ActiveCfg = Debug|Win32
		{C1BB5A82-1D0F-41CF-A5F4-12A5CE81BDAA}.Debug|x86.Build.0 = Debug|Win32
		{C1BB5A82-1D0F-41CF-A5F4-12A5CE81BDAA}.Release|ARM.ActiveCfg = Release|ARM
		{C1BB5A82-1D0F-41CF-A5F4-12A5CE81BDAA}.Release|ARM.Build.0 = Release|ARM
		{C1BB5A82-1D0F-41CF-A5F4-12A5CE81BDAA}.Release|x64.ActiveCfg = Release|x64
		{C1BB5A82-1D0F-41CF-A5F4-12A5CE81BDAA}.Release|x64.Build.0 = Release|x64
		{C1BB5A82-1D0F-41CF-A5F4-12A5CE81BDAA}.Release|x86.ActiveCfg = Release|Win32
		{C1BB5A82-1D0F-41CF-A5F4-12A5CE81BDAA}.Release|x86.Build.0 = Release|Win32
	EndGlobalSection
	GlobalSection(SolutionProperties) = preSolution
		HideSolutionNode = FALSE
	EndGlobalSection
EndGlobal
